
Microsoft Visual Studio Solution File, Format Version 12.00
# Visual Studio Version 16
VisualStudioVersion = 16.0.29001.49
MinimumVisualStudioVersion = 10.0.40219.1
Project("{9A19103F-16F7-4668-BE54-9A1E7A4F7556}") = "LazyLoading.WebApi", "LazyLoading.WebApi\LazyLoading.WebApi.csproj", "{ED16F45A-2111-4D95-A61E-F104772EBF8E}"
EndProject
Project("{9A19103F-16F7-4668-BE54-9A1E7A4F7556}") = "LazyLoading.Application", "LazyLoading.Application\LazyLoading.Application.csproj", "{DD80FD80-1AAD-4EC1-8320-EC967EAD7ADF}"
EndProject
Project("{9A19103F-16F7-4668-BE54-9A1E7A4F7556}") = "LazyLoading.Domain", "LazyLoading.Domain\LazyLoading.Domain.csproj", "{563CE281-C416-49F6-98C9-5C94FA75E5DE}"
EndProject
Project("{9A19103F-16F7-4668-BE54-9A1E7A4F7556}") = "LazyLoading.Infrastructure", "LazyLoading.Infrastructure\LazyLoading.Infrastructure.csproj", "{3A38D42D-BC45-436D-8966-CB84C651C1B5}"
EndProject
Project("{2150E333-8FDC-42A3-9474-1A3956D46DE8}") = "Test", "Test", "{373725AC-4939-4D0C-9FD9-83EEBAFD9A3D}"
EndProject
Project("{FAE04EC0-301F-11D3-BF4B-00C04F79EFBC}") = "LazyLoading.Domain.Test", "Test\LazyLoading.Domain.Test\LazyLoading.Domain.Test.csproj", "{8155B9A3-D862-4A6C-BD07-E8A7F3CB9AB3}"
EndProject
Project("{FAE04EC0-301F-11D3-BF4B-00C04F79EFBC}") = "LazyLoading.Application.Test", "Test\LazyLoading.Application.Test\LazyLoading.Application.Test.csproj", "{D133CFB5-65B9-46AD-8CAE-B28238D62D87}"
EndProject
Global
	GlobalSection(SolutionConfigurationPlatforms) = preSolution
		Debug|Any CPU = Debug|Any CPU
		Release|Any CPU = Release|Any CPU
	EndGlobalSection
	GlobalSection(ProjectConfigurationPlatforms) = postSolution
		{ED16F45A-2111-4D95-A61E-F104772EBF8E}.Debug|Any CPU.ActiveCfg = Debug|Any CPU
		{ED16F45A-2111-4D95-A61E-F104772EBF8E}.Debug|Any CPU.Build.0 = Debug|Any CPU
		{ED16F45A-2111-4D95-A61E-F104772EBF8E}.Release|Any CPU.ActiveCfg = Release|Any CPU
		{ED16F45A-2111-4D95-A61E-F104772EBF8E}.Release|Any CPU.Build.0 = Release|Any CPU
		{DD80FD80-1AAD-4EC1-8320-EC967EAD7ADF}.Debug|Any CPU.ActiveCfg = Debug|Any CPU
		{DD80FD80-1AAD-4EC1-8320-EC967EAD7ADF}.Debug|Any CPU.Build.0 = Debug|Any CPU
		{DD80FD80-1AAD-4EC1-8320-EC967EAD7ADF}.Release|Any CPU.ActiveCfg = Release|Any CPU
		{DD80FD80-1AAD-4EC1-8320-EC967EAD7ADF}.Release|Any CPU.Build.0 = Release|Any CPU
		{563CE281-C416-49F6-98C9-5C94FA75E5DE}.Debug|Any CPU.ActiveCfg = Debug|Any CPU
		{563CE281-C416-49F6-98C9-5C94FA75E5DE}.Debug|Any CPU.Build.0 = Debug|Any CPU
		{563CE281-C416-49F6-98C9-5C94FA75E5DE}.Release|Any CPU.ActiveCfg = Release|Any CPU
		{563CE281-C416-49F6-98C9-5C94FA75E5DE}.Release|Any CPU.Build.0 = Release|Any CPU
		{3A38D42D-BC45-436D-8966-CB84C651C1B5}.Debug|Any CPU.ActiveCfg = Debug|Any CPU
		{3A38D42D-BC45-436D-8966-CB84C651C1B5}.Debug|Any CPU.Build.0 = Debug|Any CPU
		{3A38D42D-BC45-436D-8966-CB84C651C1B5}.Release|Any CPU.ActiveCfg = Release|Any CPU
		{3A38D42D-BC45-436D-8966-CB84C651C1B5}.Release|Any CPU.Build.0 = Release|Any CPU
		{8155B9A3-D862-4A6C-BD07-E8A7F3CB9AB3}.Debug|Any CPU.ActiveCfg = Debug|Any CPU
		{8155B9A3-D862-4A6C-BD07-E8A7F3CB9AB3}.Debug|Any CPU.Build.0 = Debug|Any CPU
		{8155B9A3-D862-4A6C-BD07-E8A7F3CB9AB3}.Release|Any CPU.ActiveCfg = Release|Any CPU
		{8155B9A3-D862-4A6C-BD07-E8A7F3CB9AB3}.Release|Any CPU.Build.0 = Release|Any CPU
		{D133CFB5-65B9-46AD-8CAE-B28238D62D87}.Debug|Any CPU.ActiveCfg = Debug|Any CPU
		{D133CFB5-65B9-46AD-8CAE-B28238D62D87}.Debug|Any CPU.Build.0 = Debug|Any CPU
		{D133CFB5-65B9-46AD-8CAE-B28238D62D87}.Release|Any CPU.ActiveCfg = Release|Any CPU
		{D133CFB5-65B9-46AD-8CAE-B28238D62D87}.Release|Any CPU.Build.0 = Release|Any CPU
	EndGlobalSection
	GlobalSection(SolutionProperties) = preSolution
		HideSolutionNode = FALSE
	EndGlobalSection
	GlobalSection(NestedProjects) = preSolution
		{8155B9A3-D862-4A6C-BD07-E8A7F3CB9AB3} = {373725AC-4939-4D0C-9FD9-83EEBAFD9A3D}
		{D133CFB5-65B9-46AD-8CAE-B28238D62D87} = {373725AC-4939-4D0C-9FD9-83EEBAFD9A3D}
	EndGlobalSection
	GlobalSection(ExtensibilityGlobals) = postSolution
		SolutionGuid = {D783755B-A81A-4BE4-A78C-B8657D79B7AE}
	EndGlobalSection
EndGlobal
